
Microsoft Visual Studio Solution File, Format Version 12.00
# Visual Studio Version 17
VisualStudioVersion = 17.9.34728.123
MinimumVisualStudioVersion = 10.0.40219.1
Project("{FAE04EC0-301F-11D3-BF4B-00C04F79EFBC}") = "Knight_duel_game", "Knight_duel_game\Knight_duel_game.csproj", "{4C01E2E3-2C4C-487A-ADB4-9CC149A6A563}"
EndProject
Global
	GlobalSection(SolutionConfigurationPlatforms) = preSolution
		Debug|Any CPU = Debug|Any CPU
		Release|Any CPU = Release|Any CPU
	EndGlobalSection
	GlobalSection(ProjectConfigurationPlatforms) = postSolution
		{4C01E2E3-2C4C-487A-ADB4-9CC149A6A563}.Debug|Any CPU.ActiveCfg = Debug|Any CPU
		{4C01E2E3-2C4C-487A-ADB4-9CC149A6A563}.Debug|Any CPU.Build.0 = Debug|Any CPU
		{4C01E2E3-2C4C-487A-ADB4-9CC149A6A563}.Release|Any CPU.ActiveCfg = Release|Any CPU
		{4C01E2E3-2C4C-487A-ADB4-9CC149A6A563}.Release|Any CPU.Build.0 = Release|Any CPU
	EndGlobalSection
	GlobalSection(SolutionProperties) = preSolution
		HideSolutionNode = FALSE
	EndGlobalSection
	GlobalSection(ExtensibilityGlobals) = postSolution
		SolutionGuid = {6B1AE01A-E375-42E1-B180-1E2DBE002A3B}
	EndGlobalSection
EndGlobal
